// !$*UTF8*$!
{
	archiveVersion = 1;
	classes = {
	};
	objectVersion = 50;
	objects = {

/* Begin PBXBuildFile section */
		3D8F0E8F252D081000FF880F /* AppDelegate.swift in Sources */ = {isa = PBXBuildFile; fileRef = 3D8F0E8E252D081000FF880F /* AppDelegate.swift */; };
		3D8F0E91252D081000FF880F /* ViewController.swift in Sources */ = {isa = PBXBuildFile; fileRef = 3D8F0E90252D081000FF880F /* ViewController.swift */; };
		3D8F0E94252D081000FF880F /* Main.storyboard in Resources */ = {isa = PBXBuildFile; fileRef = 3D8F0E92252D081000FF880F /* Main.storyboard */; };
		3D8F0E96252D081200FF880F /* Assets.xcassets in Resources */ = {isa = PBXBuildFile; fileRef = 3D8F0E95252D081200FF880F /* Assets.xcassets */; };
		3D8F0E99252D081200FF880F /* LaunchScreen.storyboard in Resources */ = {isa = PBXBuildFile; fileRef = 3D8F0E97252D081200FF880F /* LaunchScreen.storyboard */; };
		3D8F0EA4252D081200FF880F /* PropinaTests.swift in Sources */ = {isa = PBXBuildFile; fileRef = 3D8F0EA3252D081200FF880F /* PropinaTests.swift */; };
		3D8F0EAF252D081200FF880F /* PropinaUITests.swift in Sources */ = {isa = PBXBuildFile; fileRef = 3D8F0EAE252D081200FF880F /* PropinaUITests.swift */; };
/* End PBXBuildFile section */

/* Begin PBXContainerItemProxy section */
		3D8F0EA0252D081200FF880F /* PBXContainerItemProxy */ = {
			isa = PBXContainerItemProxy;
			containerPortal = 3D8F0E83252D081000FF880F /* Project object */;
			proxyType = 1;
			remoteGlobalIDString = 3D8F0E8A252D081000FF880F;
			remoteInfo = Propina;
		};
		3D8F0EAB252D081200FF880F /* PBXContainerItemProxy */ = {
			isa = PBXContainerItemProxy;
			containerPortal = 3D8F0E83252D081000FF880F /* Project object */;
			proxyType = 1;
			remoteGlobalIDString = 3D8F0E8A252D081000FF880F;
			remoteInfo = Propina;
		};
/* End PBXContainerItemProxy section */

/* Begin PBXFileReference section */
		3D8F0E8B252D081000FF880F /* Propina.app */ = {isa = PBXFileReference; explicitFileType = wrapper.application; includeInIndex = 0; path = Propina.app; sourceTree = BUILT_PRODUCTS_DIR; };
		3D8F0E8E252D081000FF880F /* AppDelegate.swift */ = {isa = PBXFileReference; lastKnownFileType = sourcecode.swift; path = AppDelegate.swift; sourceTree = "<group>"; };
		3D8F0E90252D081000FF880F /* ViewController.swift */ = {isa = PBXFileReference; lastKnownFileType = sourcecode.swift; path = ViewController.swift; sourceTree = "<group>"; };
		3D8F0E93252D081000FF880F /* Base */ = {isa = PBXFileReference; lastKnownFileType = file.storyboard; name = Base; path = Base.lproj/Main.storyboard; sourceTree = "<group>"; };
		3D8F0E95252D081200FF880F /* Assets.xcassets */ = {isa = PBXFileReference; lastKnownFileType = folder.assetcatalog; path = Assets.xcassets; sourceTree = "<group>"; };
		3D8F0E98252D081200FF880F /* Base */ = {isa = PBXFileReference; lastKnownFileType = file.storyboard; name = Base; path = Base.lproj/LaunchScreen.storyboard; sourceTree = "<group>"; };
		3D8F0E9A252D081200FF880F /* Info.plist */ = {isa = PBXFileReference; lastKnownFileType = text.plist.xml; path = Info.plist; sourceTree = "<group>"; };
		3D8F0E9F252D081200FF880F /* PropinaTests.xctest */ = {isa = PBXFileReference; explicitFileType = wrapper.cfbundle; includeInIndex = 0; path = PropinaTests.xctest; sourceTree = BUILT_PRODUCTS_DIR; };
		3D8F0EA3252D081200FF880F /* PropinaTests.swift */ = {isa = PBXFileReference; lastKnownFileType = sourcecode.swift; path = PropinaTests.swift; sourceTree = "<group>"; };
		3D8F0EA5252D081200FF880F /* Info.plist */ = {isa = PBXFileReference; lastKnownFileType = text.plist.xml; path = Info.plist; sourceTree = "<group>"; };
		3D8F0EAA252D081200FF880F /* PropinaUITests.xctest */ = {isa = PBXFileReference; explicitFileType = wrapper.cfbundle; includeInIndex = 0; path = PropinaUITests.xctest; sourceTree = BUILT_PRODUCTS_DIR; };
		3D8F0EAE252D081200FF880F /* PropinaUITests.swift */ = {isa = PBXFileReference; lastKnownFileType = sourcecode.swift; path = PropinaUITests.swift; sourceTree = "<group>"; };
		3D8F0EB0252D081200FF880F /* Info.plist */ = {isa = PBXFileReference; lastKnownFileType = text.plist.xml; path = Info.plist; sourceTree = "<group>"; };
/* End PBXFileReference section */

/* Begin PBXFrameworksBuildPhase section */
		3D8F0E88252D081000FF880F /* Frameworks */ = {
			isa = PBXFrameworksBuildPhase;
			buildActionMask = 2147483647;
			files = (
			);
			runOnlyForDeploymentPostprocessing = 0;
		};
		3D8F0E9C252D081200FF880F /* Frameworks */ = {
			isa = PBXFrameworksBuildPhase;
			buildActionMask = 2147483647;
			files = (
			);
			runOnlyForDeploymentPostprocessing = 0;
		};
		3D8F0EA7252D081200FF880F /* Frameworks */ = {
			isa = PBXFrameworksBuildPhase;
			buildActionMask = 2147483647;
			files = (
			);
			runOnlyForDeploymentPostprocessing = 0;
		};
/* End PBXFrameworksBuildPhase section */

/* Begin PBXGroup section */
		3D8F0E82252D081000FF880F = {
			isa = PBXGroup;
			children = (
				3D8F0E8D252D081000FF880F /* Propina */,
				3D8F0EA2252D081200FF880F /* PropinaTests */,
				3D8F0EAD252D081200FF880F /* PropinaUITests */,
				3D8F0E8C252D081000FF880F /* Products */,
			);
			sourceTree = "<group>";
		};
		3D8F0E8C252D081000FF880F /* Products */ = {
			isa = PBXGroup;
			children = (
				3D8F0E8B252D081000FF880F /* Propina.app */,
				3D8F0E9F252D081200FF880F /* PropinaTests.xctest */,
				3D8F0EAA252D081200FF880F /* PropinaUITests.xctest */,
			);
			name = Products;
			sourceTree = "<group>";
		};
		3D8F0E8D252D081000FF880F /* Propina */ = {
			isa = PBXGroup;
			children = (
				3D8F0E8E252D081000FF880F /* AppDelegate.swift */,
				3D8F0E90252D081000FF880F /* ViewController.swift */,
				3D8F0E92252D081000FF880F /* Main.storyboard */,
				3D8F0E95252D081200FF880F /* Assets.xcassets */,
				3D8F0E97252D081200FF880F /* LaunchScreen.storyboard */,
				3D8F0E9A252D081200FF880F /* Info.plist */,
			);
			path = Propina;
			sourceTree = "<group>";
		};
		3D8F0EA2252D081200FF880F /* PropinaTests */ = {
			isa = PBXGroup;
			children = (
				3D8F0EA3252D081200FF880F /* PropinaTests.swift */,
				3D8F0EA5252D081200FF880F /* Info.plist */,
			);
			path = PropinaTests;
			sourceTree = "<group>";
		};
		3D8F0EAD252D081200FF880F /* PropinaUITests */ = {
			isa = PBXGroup;
			children = (
				3D8F0EAE252D081200FF880F /* PropinaUITests.swift */,
				3D8F0EB0252D081200FF880F /* Info.plist */,
			);
			path = PropinaUITests;
			sourceTree = "<group>";
		};
/* End PBXGroup section */

/* Begin PBXNativeTarget section */
		3D8F0E8A252D081000FF880F /* Propina */ = {
			isa = PBXNativeTarget;
			buildConfigurationList = 3D8F0EB3252D081200FF880F /* Build configuration list for PBXNativeTarget "Propina" */;
			buildPhases = (
				3D8F0E87252D081000FF880F /* Sources */,
				3D8F0E88252D081000FF880F /* Frameworks */,
				3D8F0E89252D081000FF880F /* Resources */,
			);
			buildRules = (
			);
			dependencies = (
			);
			name = Propina;
			productName = Propina;
			productReference = 3D8F0E8B252D081000FF880F /* Propina.app */;
			productType = "com.apple.product-type.application";
		};
		3D8F0E9E252D081200FF880F /* PropinaTests */ = {
			isa = PBXNativeTarget;
			buildConfigurationList = 3D8F0EB6252D081200FF880F /* Build configuration list for PBXNativeTarget "PropinaTests" */;
			buildPhases = (
				3D8F0E9B252D081200FF880F /* Sources */,
				3D8F0E9C252D081200FF880F /* Frameworks */,
				3D8F0E9D252D081200FF880F /* Resources */,
			);
			buildRules = (
			);
			dependencies = (
				3D8F0EA1252D081200FF880F /* PBXTargetDependency */,
			);
			name = PropinaTests;
			productName = PropinaTests;
			productReference = 3D8F0E9F252D081200FF880F /* PropinaTests.xctest */;
			productType = "com.apple.product-type.bundle.unit-test";
		};
		3D8F0EA9252D081200FF880F /* PropinaUITests */ = {
			isa = PBXNativeTarget;
			buildConfigurationList = 3D8F0EB9252D081200FF880F /* Build configuration list for PBXNativeTarget "PropinaUITests" */;
			buildPhases = (
				3D8F0EA6252D081200FF880F /* Sources */,
				3D8F0EA7252D081200FF880F /* Frameworks */,
				3D8F0EA8252D081200FF880F /* Resources */,
			);
			buildRules = (
			);
			dependencies = (
				3D8F0EAC252D081200FF880F /* PBXTargetDependency */,
			);
			name = PropinaUITests;
			productName = PropinaUITests;
			productReference = 3D8F0EAA252D081200FF880F /* PropinaUITests.xctest */;
			productType = "com.apple.product-type.bundle.ui-testing";
		};
/* End PBXNativeTarget section */

/* Begin PBXProject section */
		3D8F0E83252D081000FF880F /* Project object */ = {
			isa = PBXProject;
			attributes = {
				LastSwiftUpdateCheck = 1030;
				LastUpgradeCheck = 1030;
				ORGANIZATIONNAME = Alumno;
				TargetAttributes = {
					3D8F0E8A252D081000FF880F = {
						CreatedOnToolsVersion = 10.3;
					};
					3D8F0E9E252D081200FF880F = {
						CreatedOnToolsVersion = 10.3;
						TestTargetID = 3D8F0E8A252D081000FF880F;
					};
					3D8F0EA9252D081200FF880F = {
						CreatedOnToolsVersion = 10.3;
						TestTargetID = 3D8F0E8A252D081000FF880F;
					};
				};
			};
			buildConfigurationList = 3D8F0E86252D081000FF880F /* Build configuration list for PBXProject "Propina" */;
			compatibilityVersion = "Xcode 9.3";
			developmentRegion = en;
			hasScannedForEncodings = 0;
			knownRegions = (
				en,
				Base,
			);
			mainGroup = 3D8F0E82252D081000FF880F;
			productRefGroup = 3D8F0E8C252D081000FF880F /* Products */;
			projectDirPath = "";
			projectRoot = "";
			targets = (
				3D8F0E8A252D081000FF880F /* Propina */,
				3D8F0E9E252D081200FF880F /* PropinaTests */,
				3D8F0EA9252D081200FF880F /* PropinaUITests */,
			);
		};
/* End PBXProject section */

/* Begin PBXResourcesBuildPhase section */
		3D8F0E89252D081000FF880F /* Resources */ = {
			isa = PBXResourcesBuildPhase;
			buildActionMask = 2147483647;
			files = (
				3D8F0E99252D081200FF880F /* LaunchScreen.storyboard in Resources */,
				3D8F0E96252D081200FF880F /* Assets.xcassets in Resources */,
				3D8F0E94252D081000FF880F /* Main.storyboard in Resources */,
			);
			runOnlyForDeploymentPostprocessing = 0;
		};
		3D8F0E9D252D081200FF880F /* Resources */ = {
			isa = PBXResourcesBuildPhase;
			buildActionMask = 2147483647;
			files = (
			);
			runOnlyForDeploymentPostprocessing = 0;
		};
		3D8F0EA8252D081200FF880F /* Resources */ = {
			isa = PBXResourcesBuildPhase;
			buildActionMask = 2147483647;
			files = (
			);
			runOnlyForDeploymentPostprocessing = 0;
		};
/* End PBXResourcesBuildPhase section */

/* Begin PBXSourcesBuildPhase section */
		3D8F0E87252D081000FF880F /* Sources */ = {
			isa = PBXSourcesBuildPhase;
			buildActionMask = 2147483647;
			files = (
				3D8F0E91252D081000FF880F /* ViewController.swift in Sources */,
				3D8F0E8F252D081000FF880F /* AppDelegate.swift in Sources */,
			);
			runOnlyForDeploymentPostprocessing = 0;
		};
		3D8F0E9B252D081200FF880F /* Sources */ = {
			isa = PBXSourcesBuildPhase;
			buildActionMask = 2147483647;
			files = (
				3D8F0EA4252D081200FF880F /* PropinaTests.swift in Sources */,
			);
			runOnlyForDeploymentPostprocessing = 0;
		};
		3D8F0EA6252D081200FF880F /* Sources */ = {
			isa = PBXSourcesBuildPhase;
			buildActionMask = 2147483647;
			files = (
				3D8F0EAF252D081200FF880F /* PropinaUITests.swift in Sources */,
			);
			runOnlyForDeploymentPostprocessing = 0;
		};
/* End PBXSourcesBuildPhase section */

/* Begin PBXTargetDependency section */
		3D8F0EA1252D081200FF880F /* PBXTargetDependency */ = {
			isa = PBXTargetDependency;
			target = 3D8F0E8A252D081000FF880F /* Propina */;
			targetProxy = 3D8F0EA0252D081200FF880F /* PBXContainerItemProxy */;
		};
		3D8F0EAC252D081200FF880F /* PBXTargetDependency */ = {
			isa = PBXTargetDependency;
			target = 3D8F0E8A252D081000FF880F /* Propina */;
			targetProxy = 3D8F0EAB252D081200FF880F /* PBXContainerItemProxy */;
		};
/* End PBXTargetDependency section */

/* Begin PBXVariantGroup section */
		3D8F0E92252D081000FF880F /* Main.storyboard */ = {
			isa = PBXVariantGroup;
			children = (
				3D8F0E93252D081000FF880F /* Base */,
			);
			name = Main.storyboard;
			sourceTree = "<group>";
		};
		3D8F0E97252D081200FF880F /* LaunchScreen.storyboard */ = {
			isa = PBXVariantGroup;
			children = (
				3D8F0E98252D081200FF880F /* Base */,
			);
			name = LaunchScreen.storyboard;
			sourceTree = "<group>";
		};
/* End PBXVariantGroup section */

/* Begin XCBuildConfiguration section */
		3D8F0EB1252D081200FF880F /* Debug */ = {
			isa = XCBuildConfiguration;
			buildSettings = {
				ALWAYS_SEARCH_USER_PATHS = NO;
				CLANG_ANALYZER_NONNULL = YES;
				CLANG_ANALYZER_NUMBER_OBJECT_CONVERSION = YES_AGGRESSIVE;
				CLANG_CXX_LANGUAGE_STANDARD = "gnu++14";
				CLANG_CXX_LIBRARY = "libc++";
				CLANG_ENABLE_MODULES = YES;
				CLANG_ENABLE_OBJC_ARC = YES;
				CLANG_ENABLE_OBJC_WEAK = YES;
				CLANG_WARN_BLOCK_CAPTURE_AUTORELEASING = YES;
				CLANG_WARN_BOOL_CONVERSION = YES;
				CLANG_WARN_COMMA = YES;
				CLANG_WARN_CONSTANT_CONVERSION = YES;
				CLANG_WARN_DEPRECATED_OBJC_IMPLEMENTATIONS = YES;
				CLANG_WARN_DIRECT_OBJC_ISA_USAGE = YES_ERROR;
				CLANG_WARN_DOCUMENTATION_COMMENTS = YES;
				CLANG_WARN_EMPTY_BODY = YES;
				CLANG_WARN_ENUM_CONVERSION = YES;
				CLANG_WARN_INFINITE_RECURSION = YES;
				CLANG_WARN_INT_CONVERSION = YES;
				CLANG_WARN_NON_LITERAL_NULL_CONVERSION = YES;
				CLANG_WARN_OBJC_IMPLICIT_RETAIN_SELF = YES;
				CLANG_WARN_OBJC_LITERAL_CONVERSION = YES;
				CLANG_WARN_OBJC_ROOT_CLASS = YES_ERROR;
				CLANG_WARN_RANGE_LOOP_ANALYSIS = YES;
				CLANG_WARN_STRICT_PROTOTYPES = YES;
				CLANG_WARN_SUSPICIOUS_MOVE = YES;
				CLANG_WARN_UNGUARDED_AVAILABILITY = YES_AGGRESSIVE;
				CLANG_WARN_UNREACHABLE_CODE = YES;
				CLANG_WARN__DUPLICATE_METHOD_MATCH = YES;
				CODE_SIGN_IDENTITY = "iPhone Developer";
				COPY_PHASE_STRIP = NO;
				DEBUG_INFORMATION_FORMAT = dwarf;
				ENABLE_STRICT_OBJC_MSGSEND = YES;
				ENABLE_TESTABILITY = YES;
				GCC_C_LANGUAGE_STANDARD = gnu11;
				GCC_DYNAMIC_NO_PIC = NO;
				GCC_NO_COMMON_BLOCKS = YES;
				GCC_OPTIMIZATION_LEVEL = 0;
				GCC_PREPROCESSOR_DEFINITIONS = (
					"DEBUG=1",
					"$(inherited)",
				);
				GCC_WARN_64_TO_32_BIT_CONVERSION = YES;
				GCC_WARN_ABOUT_RETURN_TYPE = YES_ERROR;
				GCC_WARN_UNDECLARED_SELECTOR = YES;
				GCC_WARN_UNINITIALIZED_AUTOS = YES_AGGRESSIVE;
				GCC_WARN_UNUSED_FUNCTION = YES;
				GCC_WARN_UNUSED_VARIABLE = YES;
				IPHONEOS_DEPLOYMENT_TARGET = 12.4;
				MTL_ENABLE_DEBUG_INFO = INCLUDE_SOURCE;
				MTL_FAST_MATH = YES;
				ONLY_ACTIVE_ARCH = YES;
				SDKROOT = iphoneos;
				SWIFT_ACTIVE_COMPILATION_CONDITIONS = DEBUG;
				SWIFT_OPTIMIZATION_LEVEL = "-Onone";
			};
			name = Debug;
		};
		3D8F0EB2252D081200FF880F /* Release */ = {
			isa = XCBuildConfiguration;
			buildSettings = {
				ALWAYS_SEARCH_USER_PATHS = NO;
				CLANG_ANALYZER_NONNULL = YES;
				CLANG_ANALYZER_NUMBER_OBJECT_CONVERSION = YES_AGGRESSIVE;
				CLANG_CXX_LANGUAGE_STANDARD = "gnu++14";
				CLANG_CXX_LIBRARY = "libc++";
				CLANG_ENABLE_MODULES = YES;
				CLANG_ENABLE_OBJC_ARC = YES;
				CLANG_ENABLE_OBJC_WEAK = YES;
				CLANG_WARN_BLOCK_CAPTURE_AUTORELEASING = YES;
				CLANG_WARN_BOOL_CONVERSION = YES;
				CLANG_WARN_COMMA = YES;
				CLANG_WARN_CONSTANT_CONVERSION = YES;
				CLANG_WARN_DEPRECATED_OBJC_IMPLEMENTATIONS = YES;
				CLANG_WARN_DIRECT_OBJC_ISA_USAGE = YES_ERROR;
				CLANG_WARN_DOCUMENTATION_COMMENTS = YES;
				CLANG_WARN_EMPTY_BODY = YES;
				CLANG_WARN_ENUM_CONVERSION = YES;
				CLANG_WARN_INFINITE_RECURSION = YES;
				CLANG_WARN_INT_CONVERSION = YES;
				CLANG_WARN_NON_LITERAL_NULL_CONVERSION = YES;
				CLANG_WARN_OBJC_IMPLICIT_RETAIN_SELF = YES;
				CLANG_WARN_OBJC_LITERAL_CONVERSION = YES;
				CLANG_WARN_OBJC_ROOT_CLASS = YES_ERROR;
				CLANG_WARN_RANGE_LOOP_ANALYSIS = YES;
				CLANG_WARN_STRICT_PROTOTYPES = YES;
				CLANG_WARN_SUSPICIOUS_MOVE = YES;
				CLANG_WARN_UNGUARDED_AVAILABILITY = YES_AGGRESSIVE;
				CLANG_WARN_UNREACHABLE_CODE = YES;
				CLANG_WARN__DUPLICATE_METHOD_MATCH = YES;
				CODE_SIGN_IDENTITY = "iPhone Developer";
				COPY_PHASE_STRIP = NO;
				DEBUG_INFORMATION_FORMAT = "dwarf-with-dsym";
				ENABLE_NS_ASSERTIONS = NO;
				ENABLE_STRICT_OBJC_MSGSEND = YES;
				GCC_C_LANGUAGE_STANDARD = gnu11;
				GCC_NO_COMMON_BLOCKS = YES;
				GCC_WARN_64_TO_32_BIT_CONVERSION = YES;
				GCC_WARN_ABOUT_RETURN_TYPE = YES_ERROR;
				GCC_WARN_UNDECLARED_SELECTOR = YES;
				GCC_WARN_UNINITIALIZED_AUTOS = YES_AGGRESSIVE;
				GCC_WARN_UNUSED_FUNCTION = YES;
				GCC_WARN_UNUSED_VARIABLE = YES;
				IPHONEOS_DEPLOYMENT_TARGET = 12.4;
				MTL_ENABLE_DEBUG_INFO = NO;
				MTL_FAST_MATH = YES;
				SDKROOT = iphoneos;
				SWIFT_COMPILATION_MODE = wholemodule;
				SWIFT_OPTIMIZATION_LEVEL = "-O";
				VALIDATE_PRODUCT = YES;
			};
			name = Release;
		};
		3D8F0EB4252D081200FF880F /* Debug */ = {
			isa = XCBuildConfiguration;
			buildSettings = {
				ASSETCATALOG_COMPILER_APPICON_NAME = AppIcon;
				CODE_SIGN_STYLE = Automatic;
				INFOPLIST_FILE = Propina/Info.plist;
				LD_RUNPATH_SEARCH_PATHS = (
					"$(inherited)",
					"@executable_path/Frameworks",
				);
				PRODUCT_BUNDLE_IDENTIFIER = edu.ulsa.Propina;
				PRODUCT_NAME = "$(TARGET_NAME)";
				SWIFT_VERSION = 5.0;
				TARGETED_DEVICE_FAMILY = "1,2";
			};
			name = Debug;
		};
		3D8F0EB5252D081200FF880F /* Release */ = {
			isa = XCBuildConfiguration;
			buildSettings = {
				ASSETCATALOG_COMPILER_APPICON_NAME = AppIcon;
				CODE_SIGN_STYLE = Automatic;
				INFOPLIST_FILE = Propina/Info.plist;
				LD_RUNPATH_SEARCH_PATHS = (
					"$(inherited)",
					"@executable_path/Frameworks",
				);
				PRODUCT_BUNDLE_IDENTIFIER = edu.ulsa.Propina;
				PRODUCT_NAME = "$(TARGET_NAME)";
				SWIFT_VERSION = 5.0;
				TARGETED_DEVICE_FAMILY = "1,2";
			};
			name = Release;
		};
		3D8F0EB7252D081200FF880F /* Debug */ = {
			isa = XCBuildConfiguration;
			buildSettings = {
				ALWAYS_EMBED_SWIFT_STANDARD_LIBRARIES = YES;
				BUNDLE_LOADER = "$(TEST_HOST)";
				CODE_SIGN_STYLE = Automatic;
				INFOPLIST_FILE = PropinaTests/Info.plist;
				LD_RUNPATH_SEARCH_PATHS = (
					"$(inherited)",
					"@executable_path/Frameworks",
					"@loader_path/Frameworks",
				);
				PRODUCT_BUNDLE_IDENTIFIER = edu.ulsa.PropinaTests;
				PRODUCT_NAME = "$(TARGET_NAME)";
				SWIFT_VERSION = 5.0;
				TARGETED_DEVICE_FAMILY = "1,2";
				TEST_HOST = "$(BUILT_PRODUCTS_DIR)/Propina.app/Propina";
			};
			name = Debug;
		};
		3D8F0EB8252D081200FF880F /* Release */ = {
			isa = XCBuildConfiguration;
			buildSettings = {
				ALWAYS_EMBED_SWIFT_STANDARD_LIBRARIES = YES;
				BUNDLE_LOADER = "$(TEST_HOST)";
				CODE_SIGN_STYLE = Automatic;
				INFOPLIST_FILE = PropinaTests/Info.plist;
				LD_RUNPATH_SEARCH_PATHS = (
					"$(inherited)",
					"@executable_path/Frameworks",
					"@loader_path/Frameworks",
				);
				PRODUCT_BUNDLE_IDENTIFIER = edu.ulsa.PropinaTests;
				PRODUCT_NAME = "$(TARGET_NAME)";
				SWIFT_VERSION = 5.0;
				TARGETED_DEVICE_FAMILY = "1,2";
				TEST_HOST = "$(BUILT_PRODUCTS_DIR)/Propina.app/Propina";
			};
			name = Release;
		};
		3D8F0EBA252D081200FF880F /* Debug */ = {
			isa = XCBuildConfiguration;
			buildSettings = {
				ALWAYS_EMBED_SWIFT_STANDARD_LIBRARIES = YES;
				CODE_SIGN_STYLE = Automatic;
				INFOPLIST_FILE = PropinaUITests/Info.plist;
				LD_RUNPATH_SEARCH_PATHS = (
					"$(inherited)",
					"@executable_path/Frameworks",
					"@loader_path/Frameworks",
				);
				PRODUCT_BUNDLE_IDENTIFIER = edu.ulsa.PropinaUITests;
				PRODUCT_NAME = "$(TARGET_NAME)";
				SWIFT_VERSION = 5.0;
				TARGETED_DEVICE_FAMILY = "1,2";
				TEST_TARGET_NAME = Propina;
			};
			name = Debug;
		};
		3D8F0EBB252D081200FF880F /* Release */ = {
			isa = XCBuildConfiguration;
			buildSettings = {
				ALWAYS_EMBED_SWIFT_STANDARD_LIBRARIES = YES;
				CODE_SIGN_STYLE = Automatic;
				INFOPLIST_FILE = PropinaUITests/Info.plist;
				LD_RUNPATH_SEARCH_PATHS = (
					"$(inherited)",
					"@executable_path/Frameworks",
					"@loader_path/Frameworks",
				);
				PRODUCT_BUNDLE_IDENTIFIER = edu.ulsa.PropinaUITests;
				PRODUCT_NAME = "$(TARGET_NAME)";
				SWIFT_VERSION = 5.0;
				TARGETED_DEVICE_FAMILY = "1,2";
				TEST_TARGET_NAME = Propina;
			};
			name = Release;
		};
/* End XCBuildConfiguration section */

/* Begin XCConfigurationList section */
		3D8F0E86252D081000FF880F /* Build configuration list for PBXProject "Propina" */ = {
			isa = XCConfigurationList;
			buildConfigurations = (
				3D8F0EB1252D081200FF880F /* Debug */,
				3D8F0EB2252D081200FF880F /* Release */,
			);
			defaultConfigurationIsVisible = 0;
			defaultConfigurationName = Release;
		};
		3D8F0EB3252D081200FF880F /* Build configuration list for PBXNativeTarget "Propina" */ = {
			isa = XCConfigurationList;
			buildConfigurations = (
				3D8F0EB4252D081200FF880F /* Debug */,
				3D8F0EB5252D081200FF880F /* Release */,
			);
			defaultConfigurationIsVisible = 0;
			defaultConfigurationName = Release;
		};
		3D8F0EB6252D081200FF880F /* Build configuration list for PBXNativeTarget "PropinaTests" */ = {
			isa = XCConfigurationList;
			buildConfigurations = (
				3D8F0EB7252D081200FF880F /* Debug */,
				3D8F0EB8252D081200FF880F /* Release */,
			);
			defaultConfigurationIsVisible = 0;
			defaultConfigurationName = Release;
		};
		3D8F0EB9252D081200FF880F /* Build configuration list for PBXNativeTarget "PropinaUITests" */ = {
			isa = XCConfigurationList;
			buildConfigurations = (
				3D8F0EBA252D081200FF880F /* Debug */,
				3D8F0EBB252D081200FF880F /* Release */,
			);
			defaultConfigurationIsVisible = 0;
			defaultConfigurationName = Release;
		};
/* End XCConfigurationList section */
	};
	rootObject = 3D8F0E83252D081000FF880F /* Project object */;
}
